{
  "name": "project-website",
  "version": "1.0.0",
  "lockfileVersion": 1,
  "requires": true,
  "dependencies": {
    "@mdi/font": {
      "version": "5.9.55",
      "resolved": "https://registry.npmjs.org/@mdi/font/-/font-5.9.55.tgz",
      "integrity": "sha512-jswRF6q3eq8NWpWiqct6q+6Fg/I7nUhrxYJfiEM8JJpap0wVJLQdbKtyS65GdlK7S7Ytnx3TTi/bmw+tBhkGmg=="
    },
    "@mdi/js": {
      "version": "5.9.55",
      "resolved": "https://registry.npmjs.org/@mdi/js/-/js-5.9.55.tgz",
      "integrity": "sha512-BbeHMgeK2/vjdJIRnx12wvQ6s8xAYfvMmEAVsUx9b+7GiQGQ9Za8jpwp17dMKr9CgKRvemlAM4S7S3QOtEbp4A=="
    },
    "svelte": {
      "version": "3.36.0",
      "resolved": "https://registry.npmjs.org/svelte/-/svelte-3.36.0.tgz",
      "integrity": "sha512-LSmdCYoAS6kzLff9nejB5KK5FBJaqyiivs7hPl0OJZ+OxiggI8lMAhvo5W3y8vSP0IWS5++Yb5EbKuQdzOSIoA==",
      "dev": true
    },
    "svelte-scrollto": {
      "version": "0.2.0",
      "resolved": "https://registry.npmjs.org/svelte-scrollto/-/svelte-scrollto-0.2.0.tgz",
      "integrity": "sha512-l4K2E4jr6dXCODtZDCkpp/TzknVVoq8gecHM0UOOmihvLosczdyLuyDUhZ+U2HkhLWi7nnimuOstZSFKtXSpmA==",
      "dev": true,
      "requires": {
        "svelte": "3.x"
      }
    }
  }
}
